PODS:
  - CollectionKit (2.4.0):
    - CollectionKit/Core (= 2.4.0)
  - CollectionKit/Core (2.4.0)
  - SwiftFormat/CLI (0.44.7)

DEPENDENCIES:
  - CollectionKit
  - SwiftFormat/CLI

SPEC REPOS:
  trunk:
    - CollectionKit
    - SwiftFormat

SPEC CHECKSUMS:
  CollectionKit: 8f01e7629185bb81072c4aa734d105df5c2d1c8b
  SwiftFormat: fd97e27b8de5a46c9d1988bf1db1dc92e79f86a3

PODFILE CHECKSUM: 6eb729b81dddc05110842479e95a4061684f2cfc

COCOAPODS: 1.8.3
